// !$*UTF8*$!
{
	archiveVersion = 1;
	classes = {
	};
	objectVersion = 50;
	objects = {

/* Begin PBXBuildFile section */
		3A231CB720D3DFFA00BFC3A7 /* AppDelegate.swift in Sources */ = {isa = PBXBuildFile; fileRef = 3A231CB620D3DFFA00BFC3A7 /* AppDelegate.swift */; };
		3A231CB920D3DFFA00BFC3A7 /* ViewController.swift in Sources */ = {isa = PBXBuildFile; fileRef = 3A231CB820D3DFFA00BFC3A7 /* ViewController.swift */; };
		3A231CBC20D3DFFA00BFC3A7 /* Main.storyboard in Resources */ = {isa = PBXBuildFile; fileRef = 3A231CBA20D3DFFA00BFC3A7 /* Main.storyboard */; };
		3A231CBE20D3DFFB00BFC3A7 /* Assets.xcassets in Resources */ = {isa = PBXBuildFile; fileRef = 3A231CBD20D3DFFB00BFC3A7 /* Assets.xcassets */; };
		3A231CC120D3DFFB00BFC3A7 /* LaunchScreen.storyboard in Resources */ = {isa = PBXBuildFile; fileRef = 3A231CBF20D3DFFB00BFC3A7 /* LaunchScreen.storyboard */; };
		3A231CCE20D3E09600BFC3A7 /* ThirstySoftRegular.otf in Resources */ = {isa = PBXBuildFile; fileRef = 3A231CCC20D3E09600BFC3A7 /* ThirstySoftRegular.otf */; };
		3A231CCF20D3E09600BFC3A7 /* Delm-Medium.otf in Resources */ = {isa = PBXBuildFile; fileRef = 3A231CCD20D3E09600BFC3A7 /* Delm-Medium.otf */; };
		3A53D4C320D56D1F00B5D30C /* PictureView.swift in Sources */ = {isa = PBXBuildFile; fileRef = 3A53D4C220D56D1F00B5D30C /* PictureView.swift */; };
		3A8EB95820DA7FD100DD4A32 /* Picture.swift in Sources */ = {isa = PBXBuildFile; fileRef = 3A8EB95720DA7FD100DD4A32 /* Picture.swift */; };
		3AD5FF4D20EF86BB00ACD429 /* PicturePosition.swift in Sources */ = {isa = PBXBuildFile; fileRef = 3AD5FF4C20EF86BB00ACD429 /* PicturePosition.swift */; };
/* End PBXBuildFile section */

/* Begin PBXFileReference section */
		3A231CB320D3DFFA00BFC3A7 /* Instagrid.app */ = {isa = PBXFileReference; explicitFileType = wrapper.application; includeInIndex = 0; path = Instagrid.app; sourceTree = BUILT_PRODUCTS_DIR; };
		3A231CB620D3DFFA00BFC3A7 /* AppDelegate.swift */ = {isa = PBXFileReference; lastKnownFileType = sourcecode.swift; path = AppDelegate.swift; sourceTree = "<group>"; };
		3A231CB820D3DFFA00BFC3A7 /* ViewController.swift */ = {isa = PBXFileReference; lastKnownFileType = sourcecode.swift; path = ViewController.swift; sourceTree = "<group>"; };
		3A231CBB20D3DFFA00BFC3A7 /* Base */ = {isa = PBXFileReference; lastKnownFileType = file.storyboard; name = Base; path = Base.lproj/Main.storyboard; sourceTree = "<group>"; };
		3A231CBD20D3DFFB00BFC3A7 /* Assets.xcassets */ = {isa = PBXFileReference; lastKnownFileType = folder.assetcatalog; path = Assets.xcassets; sourceTree = "<group>"; };
		3A231CC020D3DFFB00BFC3A7 /* Base */ = {isa = PBXFileReference; lastKnownFileType = file.storyboard; name = Base; path = Base.lproj/LaunchScreen.storyboard; sourceTree = "<group>"; };
		3A231CC220D3DFFB00BFC3A7 /* Info.plist */ = {isa = PBXFileReference; lastKnownFileType = text.plist.xml; path = Info.plist; sourceTree = "<group>"; };
		3A231CCC20D3E09600BFC3A7 /* ThirstySoftRegular.otf */ = {isa = PBXFileReference; lastKnownFileType = file; path = ThirstySoftRegular.otf; sourceTree = "<group>"; };
		3A231CCD20D3E09600BFC3A7 /* Delm-Medium.otf */ = {isa = PBXFileReference; lastKnownFileType = file; path = "Delm-Medium.otf"; sourceTree = "<group>"; };
		3A53D4C220D56D1F00B5D30C /* PictureView.swift */ = {isa = PBXFileReference; lastKnownFileType = sourcecode.swift; path = PictureView.swift; sourceTree = "<group>"; };
		3A8EB95720DA7FD100DD4A32 /* Picture.swift */ = {isa = PBXFileReference; lastKnownFileType = sourcecode.swift; path = Picture.swift; sourceTree = "<group>"; };
		3AD5FF4C20EF86BB00ACD429 /* PicturePosition.swift */ = {isa = PBXFileReference; lastKnownFileType = sourcecode.swift; path = PicturePosition.swift; sourceTree = "<group>"; };
/* End PBXFileReference section */

/* Begin PBXFrameworksBuildPhase section */
		3A231CB020D3DFFA00BFC3A7 /* Frameworks */ = {
			isa = PBXFrameworksBuildPhase;
			buildActionMask = 2147483647;
			files = (
			);
			runOnlyForDeploymentPostprocessing = 0;
		};
/* End PBXFrameworksBuildPhase section */

/* Begin PBXGroup section */
		3A231CAA20D3DFFA00BFC3A7 = {
			isa = PBXGroup;
			children = (
				3A231CB520D3DFFA00BFC3A7 /* Instagrid */,
				3A231CB420D3DFFA00BFC3A7 /* Products */,
			);
			sourceTree = "<group>";
		};
		3A231CB420D3DFFA00BFC3A7 /* Products */ = {
			isa = PBXGroup;
			children = (
				3A231CB320D3DFFA00BFC3A7 /* Instagrid.app */,
			);
			name = Products;
			sourceTree = "<group>";
		};
		3A231CB520D3DFFA00BFC3A7 /* Instagrid */ = {
			isa = PBXGroup;
			children = (
				3A231CCB20D3E06200BFC3A7 /* Supporting Files */,
				3A231CCA20D3E05900BFC3A7 /* Controller */,
				3A231CC920D3E05200BFC3A7 /* View */,
				3A231CC820D3E04B00BFC3A7 /* Model */,
				3A231CC220D3DFFB00BFC3A7 /* Info.plist */,
			);
			path = Instagrid;
			sourceTree = "<group>";
		};
		3A231CC820D3E04B00BFC3A7 /* Model */ = {
			isa = PBXGroup;
			children = (
				3A8EB95720DA7FD100DD4A32 /* Picture.swift */,
				3AD5FF4C20EF86BB00ACD429 /* PicturePosition.swift */,
			);
			path = Model;
			sourceTree = "<group>";
		};
		3A231CC920D3E05200BFC3A7 /* View */ = {
			isa = PBXGroup;
			children = (
				3A231CBA20D3DFFA00BFC3A7 /* Main.storyboard */,
				3A53D4C220D56D1F00B5D30C /* PictureView.swift */,
			);
			path = View;
			sourceTree = "<group>";
		};
		3A231CCA20D3E05900BFC3A7 /* Controller */ = {
			isa = PBXGroup;
			children = (
				3A231CB820D3DFFA00BFC3A7 /* ViewController.swift */,
			);
			path = Controller;
			sourceTree = "<group>";
		};
		3A231CCB20D3E06200BFC3A7 /* Supporting Files */ = {
			isa = PBXGroup;
			children = (
				3A231CB620D3DFFA00BFC3A7 /* AppDelegate.swift */,
				3A231CBD20D3DFFB00BFC3A7 /* Assets.xcassets */,
				3A231CBF20D3DFFB00BFC3A7 /* LaunchScreen.storyboard */,
				3A231CCD20D3E09600BFC3A7 /* Delm-Medium.otf */,
				3A231CCC20D3E09600BFC3A7 /* ThirstySoftRegular.otf */,
			);
			path = "Supporting Files";
			sourceTree = "<group>";
		};
/* End PBXGroup section */

/* Begin PBXNativeTarget section */
		3A231CB220D3DFFA00BFC3A7 /* Instagrid */ = {
			isa = PBXNativeTarget;
			buildConfigurationList = 3A231CC520D3DFFB00BFC3A7 /* Build configuration list for PBXNativeTarget "Instagrid" */;
			buildPhases = (
				3A231CAF20D3DFFA00BFC3A7 /* Sources */,
				3A231CB020D3DFFA00BFC3A7 /* Frameworks */,
				3A231CB120D3DFFA00BFC3A7 /* Resources */,
			);
			buildRules = (
			);
			dependencies = (
			);
			name = Instagrid;
			productName = Instagrid;
			productReference = 3A231CB320D3DFFA00BFC3A7 /* Instagrid.app */;
			productType = "com.apple.product-type.application";
		};
/* End PBXNativeTarget section */

/* Begin PBXProject section */
		3A231CAB20D3DFFA00BFC3A7 /* Project object */ = {
			isa = PBXProject;
			attributes = {
				LastSwiftUpdateCheck = 0940;
				LastUpgradeCheck = 0940;
				ORGANIZATIONNAME = "Teddy Bérard";
				TargetAttributes = {
					3A231CB220D3DFFA00BFC3A7 = {
						CreatedOnToolsVersion = 9.4;
					};
				};
			};
			buildConfigurationList = 3A231CAE20D3DFFA00BFC3A7 /* Build configuration list for PBXProject "Instagrid" */;
			compatibilityVersion = "Xcode 9.3";
			developmentRegion = en;
			hasScannedForEncodings = 0;
			knownRegions = (
				en,
				Base,
			);
			mainGroup = 3A231CAA20D3DFFA00BFC3A7;
			productRefGroup = 3A231CB420D3DFFA00BFC3A7 /* Products */;
			projectDirPath = "";
			projectRoot = "";
			targets = (
				3A231CB220D3DFFA00BFC3A7 /* Instagrid */,
			);
		};
/* End PBXProject section */

/* Begin PBXResourcesBuildPhase section */
		3A231CB120D3DFFA00BFC3A7 /* Resources */ = {
			isa = PBXResourcesBuildPhase;
			buildActionMask = 2147483647;
			files = (
				3A231CC120D3DFFB00BFC3A7 /* LaunchScreen.storyboard in Resources */,
				3A231CCF20D3E09600BFC3A7 /* Delm-Medium.otf in Resources */,
				3A231CBE20D3DFFB00BFC3A7 /* Assets.xcassets in Resources */,
				3A231CCE20D3E09600BFC3A7 /* ThirstySoftRegular.otf in Resources */,
				3A231CBC20D3DFFA00BFC3A7 /* Main.storyboard in Resources */,
			);
			runOnlyForDeploymentPostprocessing = 0;
		};
/* End PBXResourcesBuildPhase section */

/* Begin PBXSourcesBuildPhase section */
		3A231CAF20D3DFFA00BFC3A7 /* Sources */ = {
			isa = PBXSourcesBuildPhase;
			buildActionMask = 2147483647;
			files = (
				3A8EB95820DA7FD100DD4A32 /* Picture.swift in Sources */,
				3A53D4C320D56D1F00B5D30C /* PictureView.swift in Sources */,
				3A231CB920D3DFFA00BFC3A7 /* ViewController.swift in Sources */,
				3A231CB720D3DFFA00BFC3A7 /* AppDelegate.swift in Sources */,
				3AD5FF4D20EF86BB00ACD429 /* PicturePosition.swift in Sources */,
			);
			runOnlyForDeploymentPostprocessing = 0;
		};
/* End PBXSourcesBuildPhase section */

/* Begin PBXVariantGroup section */
		3A231CBA20D3DFFA00BFC3A7 /* Main.storyboard */ = {
			isa = PBXVariantGroup;
			children = (
				3A231CBB20D3DFFA00BFC3A7 /* Base */,
			);
			name = Main.storyboard;
			sourceTree = "<group>";
		};
		3A231CBF20D3DFFB00BFC3A7 /* LaunchScreen.storyboard */ = {
			isa = PBXVariantGroup;
			children = (
				3A231CC020D3DFFB00BFC3A7 /* Base */,
			);
			name = LaunchScreen.storyboard;
			sourceTree = "<group>";
		};
/* End PBXVariantGroup section */

/* Begin XCBuildConfiguration section */
		3A231CC320D3DFFB00BFC3A7 /* Debug */ = {
			isa = XCBuildConfiguration;
			buildSettings = {
				ALWAYS_SEARCH_USER_PATHS = NO;
				CLANG_ANALYZER_NONNULL = YES;
				CLANG_ANALYZER_NUMBER_OBJECT_CONVERSION = YES_AGGRESSIVE;
				CLANG_CXX_LANGUAGE_STANDARD = "gnu++14";
				CLANG_CXX_LIBRARY = "libc++";
				CLANG_ENABLE_MODULES = YES;
				CLANG_ENABLE_OBJC_ARC = YES;
				CLANG_ENABLE_OBJC_WEAK = YES;
				CLANG_WARN_BLOCK_CAPTURE_AUTORELEASING = YES;
				CLANG_WARN_BOOL_CONVERSION = YES;
				CLANG_WARN_COMMA = YES;
				CLANG_WARN_CONSTANT_CONVERSION = YES;
				CLANG_WARN_DEPRECATED_OBJC_IMPLEMENTATIONS = YES;
				CLANG_WARN_DIRECT_OBJC_ISA_USAGE = YES_ERROR;
				CLANG_WARN_DOCUMENTATION_COMMENTS = YES;
				CLANG_WARN_EMPTY_BODY = YES;
				CLANG_WARN_ENUM_CONVERSION = YES;
				CLANG_WARN_INFINITE_RECURSION = YES;
				CLANG_WARN_INT_CONVERSION = YES;
				CLANG_WARN_NON_LITERAL_NULL_CONVERSION = YES;
				CLANG_WARN_OBJC_IMPLICIT_RETAIN_SELF = YES;
				CLANG_WARN_OBJC_LITERAL_CONVERSION = YES;
				CLANG_WARN_OBJC_ROOT_CLASS = YES_ERROR;
				CLANG_WARN_RANGE_LOOP_ANALYSIS = YES;
				CLANG_WARN_STRICT_PROTOTYPES = YES;
				CLANG_WARN_SUSPICIOUS_MOVE = YES;
				CLANG_WARN_UNGUARDED_AVAILABILITY = YES_AGGRESSIVE;
				CLANG_WARN_UNREACHABLE_CODE = YES;
				CLANG_WARN__DUPLICATE_METHOD_MATCH = YES;
				CODE_SIGN_IDENTITY = "iPhone Developer";
				COPY_PHASE_STRIP = NO;
				DEBUG_ACTIVITY_MODE = "";
				"DEBUG_ACTIVITY_MODE[sdk=iphonesimulator*]" = disable;
				DEBUG_INFORMATION_FORMAT = dwarf;
				ENABLE_STRICT_OBJC_MSGSEND = YES;
				ENABLE_TESTABILITY = YES;
				GCC_C_LANGUAGE_STANDARD = gnu11;
				GCC_DYNAMIC_NO_PIC = NO;
				GCC_NO_COMMON_BLOCKS = YES;
				GCC_OPTIMIZATION_LEVEL = 0;
				GCC_PREPROCESSOR_DEFINITIONS = (
					"DEBUG=1",
					"$(inherited)",
				);
				GCC_WARN_64_TO_32_BIT_CONVERSION = YES;
				GCC_WARN_ABOUT_RETURN_TYPE = YES_ERROR;
				GCC_WARN_UNDECLARED_SELECTOR = YES;
				GCC_WARN_UNINITIALIZED_AUTOS = YES_AGGRESSIVE;
				GCC_WARN_UNUSED_FUNCTION = YES;
				GCC_WARN_UNUSED_VARIABLE = YES;
				IPHONEOS_DEPLOYMENT_TARGET = 11.4;
				MTL_ENABLE_DEBUG_INFO = YES;
				ONLY_ACTIVE_ARCH = YES;
				SDKROOT = iphoneos;
				SWIFT_ACTIVE_COMPILATION_CONDITIONS = DEBUG;
				SWIFT_OPTIMIZATION_LEVEL = "-Onone";
			};
			name = Debug;
		};
		3A231CC420D3DFFB00BFC3A7 /* Release */ = {
			isa = XCBuildConfiguration;
			buildSettings = {
				ALWAYS_SEARCH_USER_PATHS = NO;
				CLANG_ANALYZER_NONNULL = YES;
				CLANG_ANALYZER_NUMBER_OBJECT_CONVERSION = YES_AGGRESSIVE;
				CLANG_CXX_LANGUAGE_STANDARD = "gnu++14";
				CLANG_CXX_LIBRARY = "libc++";
				CLANG_ENABLE_MODULES = YES;
				CLANG_ENABLE_OBJC_ARC = YES;
				CLANG_ENABLE_OBJC_WEAK = YES;
				CLANG_WARN_BLOCK_CAPTURE_AUTORELEASING = YES;
				CLANG_WARN_BOOL_CONVERSION = YES;
				CLANG_WARN_COMMA = YES;
				CLANG_WARN_CONSTANT_CONVERSION = YES;
				CLANG_WARN_DEPRECATED_OBJC_IMPLEMENTATIONS = YES;
				CLANG_WARN_DIRECT_OBJC_ISA_USAGE = YES_ERROR;
				CLANG_WARN_DOCUMENTATION_COMMENTS = YES;
				CLANG_WARN_EMPTY_BODY = YES;
				CLANG_WARN_ENUM_CONVERSION = YES;
				CLANG_WARN_INFINITE_RECURSION = YES;
				CLANG_WARN_INT_CONVERSION = YES;
				CLANG_WARN_NON_LITERAL_NULL_CONVERSION = YES;
				CLANG_WARN_OBJC_IMPLICIT_RETAIN_SELF = YES;
				CLANG_WARN_OBJC_LITERAL_CONVERSION = YES;
				CLANG_WARN_OBJC_ROOT_CLASS = YES_ERROR;
				CLANG_WARN_RANGE_LOOP_ANALYSIS = YES;
				CLANG_WARN_STRICT_PROTOTYPES = YES;
				CLANG_WARN_SUSPICIOUS_MOVE = YES;
				CLANG_WARN_UNGUARDED_AVAILABILITY = YES_AGGRESSIVE;
				CLANG_WARN_UNREACHABLE_CODE = YES;
				CLANG_WARN__DUPLICATE_METHOD_MATCH = YES;
				CODE_SIGN_IDENTITY = "iPhone Developer";
				COPY_PHASE_STRIP = NO;
				DEBUG_ACTIVITY_MODE = "";
				DEBUG_INFORMATION_FORMAT = "dwarf-with-dsym";
				ENABLE_NS_ASSERTIONS = NO;
				ENABLE_STRICT_OBJC_MSGSEND = YES;
				GCC_C_LANGUAGE_STANDARD = gnu11;
				GCC_NO_COMMON_BLOCKS = YES;
				GCC_WARN_64_TO_32_BIT_CONVERSION = YES;
				GCC_WARN_ABOUT_RETURN_TYPE = YES_ERROR;
				GCC_WARN_UNDECLARED_SELECTOR = YES;
				GCC_WARN_UNINITIALIZED_AUTOS = YES_AGGRESSIVE;
				GCC_WARN_UNUSED_FUNCTION = YES;
				GCC_WARN_UNUSED_VARIABLE = YES;
				IPHONEOS_DEPLOYMENT_TARGET = 11.4;
				MTL_ENABLE_DEBUG_INFO = NO;
				SDKROOT = iphoneos;
				SWIFT_COMPILATION_MODE = wholemodule;
				SWIFT_OPTIMIZATION_LEVEL = "-O";
				VALIDATE_PRODUCT = YES;
			};
			name = Release;
		};
		3A231CC620D3DFFB00BFC3A7 /* Debug */ = {
			isa = XCBuildConfiguration;
			buildSettings = {
				ASSETCATALOG_COMPILER_APPICON_NAME = AppIcon;
				CODE_SIGN_STYLE = Automatic;
				DEVELOPMENT_TEAM = 9M4XX8662M;
				INFOPLIST_FILE = Instagrid/Info.plist;
				IPHONEOS_DEPLOYMENT_TARGET = 11.0;
				LD_RUNPATH_SEARCH_PATHS = (
					"$(inherited)",
					"@executable_path/Frameworks",
				);
				PRODUCT_BUNDLE_IDENTIFIER = fr.teddyberard.Instagrid;
				PRODUCT_NAME = "$(TARGET_NAME)";
				SWIFT_VERSION = 4.0;
				TARGETED_DEVICE_FAMILY = 1;
			};
			name = Debug;
		};
		3A231CC720D3DFFB00BFC3A7 /* Release */ = {
			isa = XCBuildConfiguration;
			buildSettings = {
				ASSETCATALOG_COMPILER_APPICON_NAME = AppIcon;
				CODE_SIGN_STYLE = Automatic;
				DEVELOPMENT_TEAM = 9M4XX8662M;
				INFOPLIST_FILE = Instagrid/Info.plist;
				IPHONEOS_DEPLOYMENT_TARGET = 11.0;
				LD_RUNPATH_SEARCH_PATHS = (
					"$(inherited)",
					"@executable_path/Frameworks",
				);
				PRODUCT_BUNDLE_IDENTIFIER = fr.teddyberard.Instagrid;
				PRODUCT_NAME = "$(TARGET_NAME)";
				SWIFT_VERSION = 4.0;
				TARGETED_DEVICE_FAMILY = 1;
			};
			name = Release;
		};
/* End XCBuildConfiguration section */

/* Begin XCConfigurationList section */
		3A231CAE20D3DFFA00BFC3A7 /* Build configuration list for PBXProject "Instagrid" */ = {
			isa = XCConfigurationList;
			buildConfigurations = (
				3A231CC320D3DFFB00BFC3A7 /* Debug */,
				3A231CC420D3DFFB00BFC3A7 /* Release */,
			);
			defaultConfigurationIsVisible = 0;
			defaultConfigurationName = Release;
		};
		3A231CC520D3DFFB00BFC3A7 /* Build configuration list for PBXNativeTarget "Instagrid" */ = {
			isa = XCConfigurationList;
			buildConfigurations = (
				3A231CC620D3DFFB00BFC3A7 /* Debug */,
				3A231CC720D3DFFB00BFC3A7 /* Release */,
			);
			defaultConfigurationIsVisible = 0;
			defaultConfigurationName = Release;
		};
/* End XCConfigurationList section */
	};
	rootObject = 3A231CAB20D3DFFA00BFC3A7 /* Project object */;
}
